
Microsoft Visual Studio Solution File, Format Version 12.00
# Visual Studio Version 16
VisualStudioVersion = 16.0.30225.117
MinimumVisualStudioVersion = 10.0.40219.1
Project("{FAE04EC0-301F-11D3-BF4B-00C04F79EFBC}") = "Calculator", "Calculator.csproj", "{CC0229FE-5C7E-49AF-95AB-B1C78829FAF0}"
EndProject
Global
	GlobalSection(SolutionConfigurationPlatforms) = preSolution
		Debug|Any CPU = Debug|Any CPU
		Release|Any CPU = Release|Any CPU
	EndGlobalSection
	GlobalSection(ProjectConfigurationPlatforms) = postSolution
		{CC0229FE-5C7E-49AF-95AB-B1C78829FAF0}.Debug|Any CPU.ActiveCfg = Debug|Any CPU
		{CC0229FE-5C7E-49AF-95AB-B1C78829FAF0}.Debug|Any CPU.Build.0 = Debug|Any CPU
		{CC0229FE-5C7E-49AF-95AB-B1C78829FAF0}.Release|Any CPU.ActiveCfg = Release|Any CPU
		{CC0229FE-5C7E-49AF-95AB-B1C78829FAF0}.Release|Any CPU.Build.0 = Release|Any CPU
	EndGlobalSection
	GlobalSection(SolutionProperties) = preSolution
		HideSolutionNode = FALSE
	EndGlobalSection
	GlobalSection(ExtensibilityGlobals) = postSolution
		SolutionGuid = {E52E5822-7544-4CE6-9296-D94C9CB1A588}
	EndGlobalSection
EndGlobal
